
Microsoft Visual Studio Solution File, Format Version 12.00
# Visual Studio 15
VisualStudioVersion = 15.0.26730.16
MinimumVisualStudioVersion = 10.0.40219.1
Project("{FAE04EC0-301F-11D3-BF4B-00C04F79EFBC}") = "WebLayer", "WebLayer\WebLayer.csproj", "{0901F19D-9B5B-4EB6-AB85-EA67203A4B1D}"
EndProject
Project("{FAE04EC0-301F-11D3-BF4B-00C04F79EFBC}") = "DAL", "DAL\DAL.csproj", "{B1370675-3286-4739-B0A7-9083CEDA071A}"
EndProject
Project("{FAE04EC0-301F-11D3-BF4B-00C04F79EFBC}") = "BLL", "BLL\BLL.csproj", "{9A9E5B2B-EABA-4A63-9007-8371C19817BF}"
EndProject
Global
	GlobalSection(SolutionConfigurationPlatforms) = preSolution
		Debug|Any CPU = Debug|Any CPU
		Release|Any CPU = Release|Any CPU
	EndGlobalSection
	GlobalSection(ProjectConfigurationPlatforms) = postSolution
		{0901F19D-9B5B-4EB6-AB85-EA67203A4B1D}.Debug|Any CPU.ActiveCfg = Debug|Any CPU
		{0901F19D-9B5B-4EB6-AB85-EA67203A4B1D}.Debug|Any CPU.Build.0 = Debug|Any CPU
		{0901F19D-9B5B-4EB6-AB85-EA67203A4B1D}.Release|Any CPU.ActiveCfg = Release|Any CPU
		{0901F19D-9B5B-4EB6-AB85-EA67203A4B1D}.Release|Any CPU.Build.0 = Release|Any CPU
		{B1370675-3286-4739-B0A7-9083CEDA071A}.Debug|Any CPU.ActiveCfg = Debug|Any CPU
		{B1370675-3286-4739-B0A7-9083CEDA071A}.Debug|Any CPU.Build.0 = Debug|Any CPU
		{B1370675-3286-4739-B0A7-9083CEDA071A}.Release|Any CPU.ActiveCfg = Release|Any CPU
		{B1370675-3286-4739-B0A7-9083CEDA071A}.Release|Any CPU.Build.0 = Release|Any CPU
		{9A9E5B2B-EABA-4A63-9007-8371C19817BF}.Debug|Any CPU.ActiveCfg = Debug|Any CPU
		{9A9E5B2B-EABA-4A63-9007-8371C19817BF}.Debug|Any CPU.Build.0 = Debug|Any CPU
		{9A9E5B2B-EABA-4A63-9007-8371C19817BF}.Release|Any CPU.ActiveCfg = Release|Any CPU
		{9A9E5B2B-EABA-4A63-9007-8371C19817BF}.Release|Any CPU.Build.0 = Release|Any CPU
	EndGlobalSection
	GlobalSection(SolutionProperties) = preSolution
		HideSolutionNode = FALSE
	EndGlobalSection
	GlobalSection(ExtensibilityGlobals) = postSolution
		SolutionGuid = {6550DD29-6451-40FF-833A-8D139D36706F}
	EndGlobalSection
EndGlobal
